{
    "name": "D",
    "version": "0.0.1",
    "lockfileVersion": 3,
    "requires": true,
    "packages": {
        "": {
            "version": "0.0.1",
            "workspaces": [
                "builtin/cjs"
            ],
            "dependencies": {
                "@builtin/cjs": "^0.0.1",
                "json-rpc-2.0": "^1.7.0"
            }
        },
        "builtin/cjs": {
            "name": "@builtin/cjs",
            "version": "0.0.1"
        },
        "node_modules/@builtin/cjs": {
            "resolved": "builtin/cjs",
            "link": true
        },
        "node_modules/json-rpc-2.0": {
            "version": "1.7.0",
            "resolved": "https://registry.npmjs.org/json-rpc-2.0/-/json-rpc-2.0-1.7.0.tgz",
            "integrity": "sha512-asnLgC1qD5ytP+fvBP8uL0rvj+l8P6iYICbzZ8dVxCpESffVjzA7KkYkbKCIbavs7cllwH1ZUaNtJwphdeRqpg=="
        }
    }
}
