{
    "name": "D",
    "version": "0.0.1",
    "lockfileVersion": 3,
    "requires": true,
    "packages": {
        "": {
            "version": "0.0.1",
            "workspaces": [
                "builtin/*",
                "types/*",
                "be",
                "fe"
            ],
            "dependencies": {
                "@builtin/api": "*",
                "@builtin/backend": "*",
                "@builtin/cjs": "*",
                "@builtin/compression": "*",
                "@builtin/config": "*",
                "@builtin/frontend": "*",
                "@builtin/lit": "*",
                "@builtin/module-walker": "*",
                "@builtin/parsing": "*",
                "@builtin/proxy": "*",
                "@builtin/rpc": "*",
                "@builtin/staticfiles": "*",
                "@builtin/ui": "*"
            },
            "devDependencies": {
                "@types/backend": "*"
            }
        },
        "be": {
            "name": "@builtin/backend",
            "version": "0.0.1",
            "dependencies": {
                "@builtin/config": "*",
                "@builtin/module-walker": "*",
                "find-my-way": "^8.1.0"
            },
            "bin": {
                "server": "bin/server.js"
            },
            "devDependencies": {
                "@types/node": "^20.12.12"
            }
        },
        "be/node_modules/fast-decode-uri-component": {
            "version": "1.0.1",
            "resolved": "https://registry.npmjs.org/fast-decode-uri-component/-/fast-decode-uri-component-1.0.1.tgz",
            "integrity": "sha512-WKgKWg5eUxvRZGwW8FvfbaH7AXSh2cL+3j5fMGzUMCxWBJ3dV3a7Wz8y2f/uQ0e3B6WmodD3oS54jTQ9HVTIIg=="
        },
        "be/node_modules/fast-deep-equal": {
            "version": "3.1.3",
            "resolved": "https://registry.npmjs.org/fast-deep-equal/-/fast-deep-equal-3.1.3.tgz",
            "integrity": "sha512-f3qQ9oQy9j2AhBe/H9VC91wLmKBCCU/gDOnKNAYG5hswO7BLKj09Hc5HYNz9cGI++xlpDCIgDaitVs03ATR84Q=="
        },
        "be/node_modules/fast-querystring": {
            "version": "1.1.2",
            "resolved": "https://registry.npmjs.org/fast-querystring/-/fast-querystring-1.1.2.tgz",
            "integrity": "sha512-g6KuKWmFXc0fID8WWH0jit4g0AGBoJhCkJMb1RmbsSEUNvQ+ZC8D6CUZ+GtF8nMzSPXnhiePyyqqipzNNEnHjg==",
            "dependencies": {
                "fast-decode-uri-component": "^1.0.1"
            }
        },
        "be/node_modules/find-my-way": {
            "version": "8.1.0",
            "resolved": "https://registry.npmjs.org/find-my-way/-/find-my-way-8.1.0.tgz",
            "integrity": "sha512-41QwjCGcVTODUmLLqTMeoHeiozbMXYMAE1CKFiDyi9zVZ2Vjh0yz3MF0WQZoIb+cmzP/XlbFjlF2NtJmvZHznA==",
            "dependencies": {
                "fast-deep-equal": "^3.1.3",
                "fast-querystring": "^1.0.0",
                "safe-regex2": "^2.0.0"
            },
            "engines": {
                "node": ">=14"
            }
        },
        "be/node_modules/ret": {
            "version": "0.2.2",
            "resolved": "https://registry.npmjs.org/ret/-/ret-0.2.2.tgz",
            "integrity": "sha512-M0b3YWQs7R3Z917WRQy1HHA7Ba7D8hvZg6UE5mLykJxQVE2ju0IXbGlaHPPlkY+WN7wFP+wUMXmBFA0aV6vYGQ==",
            "engines": {
                "node": ">=4"
            }
        },
        "be/node_modules/safe-regex2": {
            "version": "2.0.0",
            "resolved": "https://registry.npmjs.org/safe-regex2/-/safe-regex2-2.0.0.tgz",
            "integrity": "sha512-PaUSFsUaNNuKwkBijoAPHAK6/eM6VirvyPWlZ7BAQy4D+hCvh4B6lIG+nPdhbFfIbP+gTGBcrdsOaUs0F+ZBOQ==",
            "dependencies": {
                "ret": "~0.2.0"
            }
        },
        "builtin/api": {
            "name": "@builtin/api",
            "version": "0.0.1",
            "dependencies": {
                "@builtin/backend": "*",
                "@builtin/config": "*",
                "@builtin/module-walker": "*",
                "@builtin/staticfiles": "*"
            },
            "devDependencies": {
                "@types/node": "^20.12.12"
            }
        },
        "builtin/cjs": {
            "name": "@builtin/cjs",
            "version": "0.0.1"
        },
        "builtin/compression": {
            "name": "@builtin/compression",
            "version": "0.0.1"
        },
        "builtin/config": {
            "name": "@builtin/config",
            "version": "0.0.1",
            "devDependencies": {
                "@types/node": "^20.12.12"
            }
        },
        "builtin/lit": {
            "name": "@builtin/lit",
            "version": "0.0.1"
        },
        "builtin/module-walker": {
            "name": "@builtin/module-walker",
            "version": "0.0.1",
            "dependencies": {
                "@builtin/config": "*"
            },
            "devDependencies": {
                "@types/node": "^20.12.12"
            }
        },
        "builtin/parsing": {
            "name": "@builtin/parsing",
            "version": "0.0.1",
            "dependencies": {
                "sax": "github:isaacs/sax-js"
            }
        },
        "builtin/proxy": {
            "name": "@builtin/proxy",
            "version": "0.0.1",
            "dependencies": {
                "@builtin/backend": "*"
            },
            "devDependencies": {
                "@types/node": "^20.12.12"
            }
        },
        "builtin/rpc": {
            "name": "@builtin/rpc",
            "version": "0.0.1",
            "dependencies": {
                "@builtin/backend": "*",
                "json-rpc-2.0": "^1.7.0"
            },
            "devDependencies": {
                "@types/node": "^20.12.12"
            }
        },
        "builtin/staticfiles": {
            "name": "@builtin/staticfiles",
            "version": "0.0.1",
            "dependencies": {
                "@builtin/backend": "*",
                "@builtin/config": "*"
            },
            "devDependencies": {
                "@types/node": "^20.12.12"
            }
        },
        "builtin/ui": {
            "name": "@builtin/ui",
            "version": "0.0.1",
            "devDependencies": {
                "@types/node": "^20.12.12"
            }
        },
        "fe": {
            "name": "@builtin/frontend",
            "version": "0.0.1",
            "dependencies": {
                "@builtin/backend": "*",
                "@builtin/cjs": "*",
                "@builtin/module-walker": "*",
                "@builtin/staticfiles": "*",
                "mustache": "^4.2.0"
            },
            "devDependencies": {
                "@types/node": "^20.12.12"
            }
        },
        "node_modules/@builtin/api": {
            "resolved": "builtin/api",
            "link": true
        },
        "node_modules/@builtin/backend": {
            "resolved": "be",
            "link": true
        },
        "node_modules/@builtin/cjs": {
            "resolved": "builtin/cjs",
            "link": true
        },
        "node_modules/@builtin/compression": {
            "resolved": "builtin/compression",
            "link": true
        },
        "node_modules/@builtin/config": {
            "resolved": "builtin/config",
            "link": true
        },
        "node_modules/@builtin/frontend": {
            "resolved": "fe",
            "link": true
        },
        "node_modules/@builtin/lit": {
            "resolved": "builtin/lit",
            "link": true
        },
        "node_modules/@builtin/module-walker": {
            "resolved": "builtin/module-walker",
            "link": true
        },
        "node_modules/@builtin/parsing": {
            "resolved": "builtin/parsing",
            "link": true
        },
        "node_modules/@builtin/proxy": {
            "resolved": "builtin/proxy",
            "link": true
        },
        "node_modules/@builtin/rpc": {
            "resolved": "builtin/rpc",
            "link": true
        },
        "node_modules/@builtin/staticfiles": {
            "resolved": "builtin/staticfiles",
            "link": true
        },
        "node_modules/@builtin/ui": {
            "resolved": "builtin/ui",
            "link": true
        },
        "node_modules/@types/backend": {
            "resolved": "types/backend",
            "link": true
        },
        "node_modules/@types/node": {
            "version": "20.12.12",
            "resolved": "https://registry.npmjs.org/@types/node/-/node-20.12.12.tgz",
            "integrity": "sha512-eWLDGF/FOSPtAvEqeRAQ4C8LSA7M1I7i0ky1I8U7kD1J5ITyW3AsRhQrKVoWf5pFKZ2kILsEGJhsI9r93PYnOw==",
            "dev": true,
            "dependencies": {
                "undici-types": "~5.26.4"
            }
        },
        "node_modules/@types/node/node_modules/undici-types": {
            "version": "5.26.5",
            "resolved": "https://registry.npmjs.org/undici-types/-/undici-types-5.26.5.tgz",
            "integrity": "sha512-JlCMO+ehdEIKqlFxk6IfVoAUVmgz7cU7zD/h9XZ0qzeosSHmUJVOzSQvvYSYWXkFXC+IfLKSIffhv0sVZup6pA==",
            "dev": true
        },
        "node_modules/json-rpc-2.0": {
            "version": "1.7.0",
            "resolved": "https://registry.npmjs.org/json-rpc-2.0/-/json-rpc-2.0-1.7.0.tgz",
            "integrity": "sha512-asnLgC1qD5ytP+fvBP8uL0rvj+l8P6iYICbzZ8dVxCpESffVjzA7KkYkbKCIbavs7cllwH1ZUaNtJwphdeRqpg=="
        },
        "node_modules/mustache": {
            "version": "4.2.0",
            "resolved": "https://registry.npmjs.org/mustache/-/mustache-4.2.0.tgz",
            "integrity": "sha512-71ippSywq5Yb7/tVYyGbkBggbU8H3u5Rz56fH60jGFgr8uHwxs+aSKeqmluIVzM0m0kB7xQjKS6qPfd0b2ZoqQ==",
            "bin": {
                "mustache": "bin/mustache"
            }
        },
        "node_modules/sax": {
            "version": "1.3.0",
            "resolved": "git+ssh://git@github.com/isaacs/sax-js.git#b5776002dd0de0f1397e02515ba6c06099a59f87",
            "license": "ISC"
        },
        "types/backend": {
            "name": "@types/backend",
            "version": "0.0.1"
        }
    }
}
