{
    "name": "D",
    "version": "0.0.1",
    "lockfileVersion": 3,
    "requires": true,
    "packages": {
        "": {
            "version": "0.0.1",
            "workspaces": [
                "builtin/cjs"
            ],
            "dependencies": {
                "json-rpc-2.0": "^1.7.0"
            }
        },
        "builtin/cjs": {
            "name": "@builtin/cjs",
            "version": "0.0.1"
        },
        "node_modules/@builtin/cjs": {
            "resolved": "builtin/cjs",
            "link": true
        },
        "node_modules/json-rpc-2.0": {
            "version": "1.7.0",
            "license": "MIT"
        }
    }
}
